
Microsoft Visual Studio Solution File, Format Version 12.00
# Visual Studio Version 16
VisualStudioVersion = 16.0.30413.136
MinimumVisualStudioVersion = 10.0.40219.1
Project("{FAE04EC0-301F-11D3-BF4B-00C04F79EFBC}") = "coronavirus-heat-map", "coronavirus-heat-map\coronavirus-heat-map.csproj", "{54D6A6A1-922A-4527-B8F3-4EB234F53FFC}"
EndProject
Global
	GlobalSection(SolutionConfigurationPlatforms) = preSolution
		Debug|Any CPU = Debug|Any CPU
		Debug|ARM = Debug|ARM
		Debug|ARM64 = Debug|ARM64
		Debug|x64 = Debug|x64
		Debug|x86 = Debug|x86
		Release|Any CPU = Release|Any CPU
		Release|ARM = Release|ARM
		Release|ARM64 = Release|ARM64
		Release|x64 = Release|x64
		Release|x86 = Release|x86
	EndGlobalSection
	GlobalSection(ProjectConfigurationPlatforms) = postSolution
		{54D6A6A1-922A-4527-B8F3-4EB234F53FFC}.Debug|Any CPU.ActiveCfg = Debug|Any CPU
		{54D6A6A1-922A-4527-B8F3-4EB234F53FFC}.Debug|Any CPU.Build.0 = Debug|Any CPU
		{54D6A6A1-922A-4527-B8F3-4EB234F53FFC}.Debug|ARM.ActiveCfg = Debug|Any CPU
		{54D6A6A1-922A-4527-B8F3-4EB234F53FFC}.Debug|ARM.Build.0 = Debug|Any CPU
		{54D6A6A1-922A-4527-B8F3-4EB234F53FFC}.Debug|ARM64.ActiveCfg = Debug|Any CPU
		{54D6A6A1-922A-4527-B8F3-4EB234F53FFC}.Debug|ARM64.Build.0 = Debug|Any CPU
		{54D6A6A1-922A-4527-B8F3-4EB234F53FFC}.Debug|x64.ActiveCfg = Debug|Any CPU
		{54D6A6A1-922A-4527-B8F3-4EB234F53FFC}.Debug|x64.Build.0 = Debug|Any CPU
		{54D6A6A1-922A-4527-B8F3-4EB234F53FFC}.Debug|x86.ActiveCfg = Debug|Any CPU
		{54D6A6A1-922A-4527-B8F3-4EB234F53FFC}.Debug|x86.Build.0 = Debug|Any CPU
		{54D6A6A1-922A-4527-B8F3-4EB234F53FFC}.Release|Any CPU.ActiveCfg = Release|Any CPU
		{54D6A6A1-922A-4527-B8F3-4EB234F53FFC}.Release|Any CPU.Build.0 = Release|Any CPU
		{54D6A6A1-922A-4527-B8F3-4EB234F53FFC}.Release|ARM.ActiveCfg = Release|Any CPU
		{54D6A6A1-922A-4527-B8F3-4EB234F53FFC}.Release|ARM.Build.0 = Release|Any CPU
		{54D6A6A1-922A-4527-B8F3-4EB234F53FFC}.Release|ARM64.ActiveCfg = Release|Any CPU
		{54D6A6A1-922A-4527-B8F3-4EB234F53FFC}.Release|ARM64.Build.0 = Release|Any CPU
		{54D6A6A1-922A-4527-B8F3-4EB234F53FFC}.Release|x64.ActiveCfg = Release|Any CPU
		{54D6A6A1-922A-4527-B8F3-4EB234F53FFC}.Release|x64.Build.0 = Release|Any CPU
		{54D6A6A1-922A-4527-B8F3-4EB234F53FFC}.Release|x86.ActiveCfg = Release|Any CPU
		{54D6A6A1-922A-4527-B8F3-4EB234F53FFC}.Release|x86.Build.0 = Release|Any CPU
	EndGlobalSection
	GlobalSection(SolutionProperties) = preSolution
		HideSolutionNode = FALSE
	EndGlobalSection
	GlobalSection(ExtensibilityGlobals) = postSolution
		SolutionGuid = {034E942E-7344-4327-A9E6-B051F95552F0}
	EndGlobalSection
EndGlobal
